
Microsoft Visual Studio Solution File, Format Version 12.00
# Visual Studio Version 17
VisualStudioVersion = 17.9.34728.123
MinimumVisualStudioVersion = 10.0.40219.1
Project("{FAE04EC0-301F-11D3-BF4B-00C04F79EFBC}") = "LuckysDepartmentStore", "LuckysDepartmentStore\LuckysDepartmentStore.csproj", "{2B29A790-B441-4B2E-8AAD-FDF4C5C68DBF}"
EndProject
Global
	GlobalSection(SolutionConfigurationPlatforms) = preSolution
		Debug|Any CPU = Debug|Any CPU
		Release|Any CPU = Release|Any CPU
	EndGlobalSection
	GlobalSection(ProjectConfigurationPlatforms) = postSolution
		{2B29A790-B441-4B2E-8AAD-FDF4C5C68DBF}.Debug|Any CPU.ActiveCfg = Debug|Any CPU
		{2B29A790-B441-4B2E-8AAD-FDF4C5C68DBF}.Debug|Any CPU.Build.0 = Debug|Any CPU
		{2B29A790-B441-4B2E-8AAD-FDF4C5C68DBF}.Release|Any CPU.ActiveCfg = Release|Any CPU
		{2B29A790-B441-4B2E-8AAD-FDF4C5C68DBF}.Release|Any CPU.Build.0 = Release|Any CPU
	EndGlobalSection
	GlobalSection(SolutionProperties) = preSolution
		HideSolutionNode = FALSE
	EndGlobalSection
	GlobalSection(ExtensibilityGlobals) = postSolution
		SolutionGuid = {F7E86DD3-C990-462D-AD4E-FB64B0FE3A11}
	EndGlobalSection
EndGlobal
